
Microsoft Visual Studio Solution File, Format Version 12.00
# Visual Studio Version 17
VisualStudioVersion = 17.9.34723.18
MinimumVisualStudioVersion = 10.0.40219.1
Project("{FAE04EC0-301F-11D3-BF4B-00C04F79EFBC}") = "frmBKRAw1", "frmBKRAw1\frmBKRAw1.csproj", "{BA480250-3559-40F9-B741-F42D554A8A52}"
EndProject
Global
	GlobalSection(SolutionConfigurationPlatforms) = preSolution
		Debug|Any CPU = Debug|Any CPU
		Release|Any CPU = Release|Any CPU
	EndGlobalSection
	GlobalSection(ProjectConfigurationPlatforms) = postSolution
		{BA480250-3559-40F9-B741-F42D554A8A52}.Debug|Any CPU.ActiveCfg = Debug|Any CPU
		{BA480250-3559-40F9-B741-F42D554A8A52}.Debug|Any CPU.Build.0 = Debug|Any CPU
		{BA480250-3559-40F9-B741-F42D554A8A52}.Release|Any CPU.ActiveCfg = Release|Any CPU
		{BA480250-3559-40F9-B741-F42D554A8A52}.Release|Any CPU.Build.0 = Release|Any CPU
	EndGlobalSection
	GlobalSection(SolutionProperties) = preSolution
		HideSolutionNode = FALSE
	EndGlobalSection
	GlobalSection(ExtensibilityGlobals) = postSolution
		SolutionGuid = {1E0743AA-1CF3-4200-836D-C3A638E9BBE4}
	EndGlobalSection
EndGlobal
